
Microsoft Visual Studio Solution File, Format Version 12.00
# Visual Studio Version 16
VisualStudioVersion = 16.0.32002.261
MinimumVisualStudioVersion = 10.0.40219.1
Project("{FAE04EC0-301F-11D3-BF4B-00C04F79EFBC}") = "SkeletonShimmer", "SkeletonShimmer\SkeletonShimmer.csproj", "{0BE334FC-53FC-4637-87F4-169C725F29F6}"
EndProject
Global
	GlobalSection(SolutionConfigurationPlatforms) = preSolution
		Debug|Any CPU = Debug|Any CPU
		Release|Any CPU = Release|Any CPU
	EndGlobalSection
	GlobalSection(ProjectConfigurationPlatforms) = postSolution
		{0BE334FC-53FC-4637-87F4-169C725F29F6}.Debug|Any CPU.ActiveCfg = Debug|Any CPU
		{0BE334FC-53FC-4637-87F4-169C725F29F6}.Debug|Any CPU.Build.0 = Debug|Any CPU
		{0BE334FC-53FC-4637-87F4-169C725F29F6}.Debug|Any CPU.Deploy.0 = Debug|Any CPU
		{0BE334FC-53FC-4637-87F4-169C725F29F6}.Release|Any CPU.ActiveCfg = Release|Any CPU
		{0BE334FC-53FC-4637-87F4-169C725F29F6}.Release|Any CPU.Build.0 = Release|Any CPU
		{0BE334FC-53FC-4637-87F4-169C725F29F6}.Release|Any CPU.Deploy.0 = Release|Any CPU
	EndGlobalSection
	GlobalSection(SolutionProperties) = preSolution
		HideSolutionNode = FALSE
	EndGlobalSection
	GlobalSection(ExtensibilityGlobals) = postSolution
		SolutionGuid = {FD2ADEDF-063A-4094-9467-654C38194041}
	EndGlobalSection
EndGlobal
